
Microsoft Visual Studio Solution File, Format Version 12.00
# Visual Studio Version 17
VisualStudioVersion = 17.6.33723.286
MinimumVisualStudioVersion = 10.0.40219.1
Project("{9A19103F-16F7-4668-BE54-9A1E7A4F7556}") = "ConsoleApp", "ConsoleApp\ConsoleApp.csproj", "{DC5D5CDB-BFA8-49F9-AF3B-AFD9ACA18D52}"
EndProject
Project("{9A19103F-16F7-4668-BE54-9A1E7A4F7556}") = "BusinessLayer", "BusinessLayer\BusinessLayer.csproj", "{6812E8E9-54A9-427B-87EB-4E631D920719}"
EndProject
Project("{9A19103F-16F7-4668-BE54-9A1E7A4F7556}") = "BusinessModels", "BusinessModels\BusinessModels.csproj", "{3915F378-FDAF-4228-AA00-A2AA6909F096}"
EndProject
Project("{9A19103F-16F7-4668-BE54-9A1E7A4F7556}") = "DataLayer", "DataLayer\DataLayer.csproj", "{32F30AE9-4050-4704-9EC3-0E635805A63A}"
EndProject
Project("{FAE04EC0-301F-11D3-BF4B-00C04F79EFBC}") = "DataModels", "DataModels\DataModels.csproj", "{D6F8A382-BED9-4F5F-9568-173573ADEACC}"
EndProject
Global
	GlobalSection(SolutionConfigurationPlatforms) = preSolution
		Debug|Any CPU = Debug|Any CPU
		Release|Any CPU = Release|Any CPU
	EndGlobalSection
	GlobalSection(ProjectConfigurationPlatforms) = postSolution
		{DC5D5CDB-BFA8-49F9-AF3B-AFD9ACA18D52}.Debug|Any CPU.ActiveCfg = Debug|Any CPU
		{DC5D5CDB-BFA8-49F9-AF3B-AFD9ACA18D52}.Debug|Any CPU.Build.0 = Debug|Any CPU
		{DC5D5CDB-BFA8-49F9-AF3B-AFD9ACA18D52}.Release|Any CPU.ActiveCfg = Release|Any CPU
		{DC5D5CDB-BFA8-49F9-AF3B-AFD9ACA18D52}.Release|Any CPU.Build.0 = Release|Any CPU
		{6812E8E9-54A9-427B-87EB-4E631D920719}.Debug|Any CPU.ActiveCfg = Debug|Any CPU
		{6812E8E9-54A9-427B-87EB-4E631D920719}.Debug|Any CPU.Build.0 = Debug|Any CPU
		{6812E8E9-54A9-427B-87EB-4E631D920719}.Release|Any CPU.ActiveCfg = Release|Any CPU
		{6812E8E9-54A9-427B-87EB-4E631D920719}.Release|Any CPU.Build.0 = Release|Any CPU
		{3915F378-FDAF-4228-AA00-A2AA6909F096}.Debug|Any CPU.ActiveCfg = Debug|Any CPU
		{3915F378-FDAF-4228-AA00-A2AA6909F096}.Debug|Any CPU.Build.0 = Debug|Any CPU
		{3915F378-FDAF-4228-AA00-A2AA6909F096}.Release|Any CPU.ActiveCfg = Release|Any CPU
		{3915F378-FDAF-4228-AA00-A2AA6909F096}.Release|Any CPU.Build.0 = Release|Any CPU
		{32F30AE9-4050-4704-9EC3-0E635805A63A}.Debug|Any CPU.ActiveCfg = Debug|Any CPU
		{32F30AE9-4050-4704-9EC3-0E635805A63A}.Debug|Any CPU.Build.0 = Debug|Any CPU
		{32F30AE9-4050-4704-9EC3-0E635805A63A}.Release|Any CPU.ActiveCfg = Release|Any CPU
		{32F30AE9-4050-4704-9EC3-0E635805A63A}.Release|Any CPU.Build.0 = Release|Any CPU
		{D6F8A382-BED9-4F5F-9568-173573ADEACC}.Debug|Any CPU.ActiveCfg = Debug|Any CPU
		{D6F8A382-BED9-4F5F-9568-173573ADEACC}.Debug|Any CPU.Build.0 = Debug|Any CPU
		{D6F8A382-BED9-4F5F-9568-173573ADEACC}.Release|Any CPU.ActiveCfg = Release|Any CPU
		{D6F8A382-BED9-4F5F-9568-173573ADEACC}.Release|Any CPU.Build.0 = Release|Any CPU
	EndGlobalSection
	GlobalSection(SolutionProperties) = preSolution
		HideSolutionNode = FALSE
	EndGlobalSection
	GlobalSection(ExtensibilityGlobals) = postSolution
		SolutionGuid = {5A982055-A4A2-4A09-A2F7-BE26AD197227}
	EndGlobalSection
EndGlobal
